
Microsoft Visual Studio Solution File, Format Version 12.00
# Visual Studio Version 17
VisualStudioVersion = 17.5.002.0
MinimumVisualStudioVersion = 10.0.40219.1
Project("{9A19103F-16F7-4668-BE54-9A1E7A4F7556}") = "ToDoListAPI", "ToDoListAPI\ToDoListAPI.csproj", "{70BE321A-8924-4BE8-A39D-02B77422B39D}"
EndProject
Global
	GlobalSection(SolutionConfigurationPlatforms) = preSolution
		Debug|Any CPU = Debug|Any CPU
		Release|Any CPU = Release|Any CPU
	EndGlobalSection
	GlobalSection(ProjectConfigurationPlatforms) = postSolution
		{70BE321A-8924-4BE8-A39D-02B77422B39D}.Debug|Any CPU.ActiveCfg = Debug|Any CPU
		{70BE321A-8924-4BE8-A39D-02B77422B39D}.Debug|Any CPU.Build.0 = Debug|Any CPU
		{70BE321A-8924-4BE8-A39D-02B77422B39D}.Release|Any CPU.ActiveCfg = Release|Any CPU
		{70BE321A-8924-4BE8-A39D-02B77422B39D}.Release|Any CPU.Build.0 = Release|Any CPU
	EndGlobalSection
	GlobalSection(SolutionProperties) = preSolution
		HideSolutionNode = FALSE
	EndGlobalSection
	GlobalSection(ExtensibilityGlobals) = postSolution
		SolutionGuid = {A465C26D-EF7C-452E-950A-A3BBD01FDA21}
	EndGlobalSection
EndGlobal
